[[package]]
name = "duckdb"
version = "0.5.1"
description = "DuckDB embedded database"
category = "main"
optional = false
python-versions = "*"

[package.dependencies]
numpy = ">=1.14"

[[package]]
name = "numpy"
version = "1.23.4"
description = "NumPy is the fundamental package for array computing with Python."
category = "main"
optional = false
python-versions = ">=3.8"

[[package]]
name = "pandas"
version = "1.5.0"
description = "Powerful data structures for data analysis, time series, and statistics"
category = "main"
optional = false
python-versions = ">=3.8"

[package.dependencies]
numpy = {version = ">=1.21.0", markers = "python_version >= \"3.10\""}
python-dateutil = ">=2.8.1"
pytz = ">=2020.1"

[package.extras]
test = ["hypothesis (>=5.5.3)", "pytest (>=6.0)", "pytest-xdist (>=1.31)"]

[[package]]
name = "pathlib"
version = "1.0.1"
description = "Object-oriented filesystem paths"
category = "main"
optional = false
python-versions = "*"

[[package]]
name = "polars"
version = "0.14.18"
description = "Blazingly fast DataFrame library"
category = "main"
optional = false
python-versions = ">=3.7"

[package.extras]
all = ["polars[connectorx,fsspec,matplotlib,numpy,pandas,pyarrow,timezone,xlsx2csv]"]
connectorx = ["connectorx"]
fsspec = ["fsspec"]
matplotlib = ["matplotlib"]
numpy = ["numpy (>=1.16.0)"]
pandas = ["pandas", "pyarrow (>=4.0.0)"]
pyarrow = ["pyarrow (>=4.0.0)"]
timezone = ["backports.zoneinfo", "tzdata"]
xlsx2csv = ["xlsx2csv (>=0.8.0)"]

[[package]]
name = "pyarrow"
version = "9.0.0"
description = "Python library for Apache Arrow"
category = "main"
optional = false
python-versions = ">=3.7"

[package.dependencies]
numpy = ">=1.16.6"

[[package]]
name = "python-dateutil"
version = "2.8.2"
description = "Extensions to the standard Python datetime module"
category = "main"
optional = false
python-versions = "!=3.0.*,!=3.1.*,!=3.2.*,>=2.7"

[package.dependencies]
six = ">=1.5"

[[package]]
name = "pytz"
version = "2022.4"
description = "World timezone definitions, modern and historical"
category = "main"
optional = false
python-versions = "*"

[[package]]
name = "six"
version = "1.16.0"
description = "Python 2 and 3 compatibility utilities"
category = "main"
optional = false
python-versions = ">=2.7, !=3.0.*, !=3.1.*, !=3.2.*"

[metadata]
lock-version = "1.1"
python-versions = "^3.10"
content-hash = "6187a1cca70dfb3cb34c5d8d009eb616cfdb37c135737e63db6acd1a32e16d63"

[metadata.files]
duckdb = [
    {file = "duckdb-0.5.1-cp310-cp310-macosx_10_9_universal2.whl", hash = "sha256:ed97f88fc567db44521ac3369dc161ba74fc2f068915c7fb1f52ad2a1a15f227"},
    {file = "duckdb-0.5.1-cp310-cp310-macosx_10_9_x86_64.whl", hash = "sha256:4c9a45411cd782adfc6aa20dedc3c20a60fa5eb174b6fe75c627c40301328adc"},
    {file = "duckdb-0.5.1-cp310-cp310-macosx_11_0_arm64.whl", hash = "sha256:937eff2dd69d8356cb358acd849f9e797a2cce1913b9acd21476195a287e9a72"},
    {file = "duckdb-0.5.1-cp310-cp310-manylinux_2_17_i686.manylinux2014_i686.whl", hash = "sha256:02453b0be9b7c7f2f1f4a76fdec6daeb68a6b7a1a895276204de0c7614739f85"},
    {file = "duckdb-0.5.1-cp310-cp310-manylinux_2_17_x86_64.manylinux2014_x86_64.whl", hash = "sha256:05cc9fc36e39834b6a56097827414ea490bf84dec0a11ed5b7f318ec63492d43"},
    {file = "duckdb-0.5.1-cp310-cp310-musllinux_1_1_i686.whl", hash = "sha256:13302eb2503f7b514992a4edfbc3acc58ee7b0b900075a8cb8667e797d4a092b"},
    {file = "duckdb-0.5.1-cp310-cp310-musllinux_1_1_x86_64.whl", hash = "sha256:19fef8b1ac465041b9b11bcde85ddb67bc8cc8ea00767a771e247c75e1ed7e69"},
    {file = "duckdb-0.5.1-cp310-cp310-win32.whl", hash = "sha256:6ff945002ae1ae69c5e66717c8e268677b4f5df155ae4ef8afd89fcfad3c4468"},
    {file = "duckdb-0.5.1-cp310-cp310-win_amd64.whl", hash = "sha256:9a52d2e244721d154b89befe72192d816f1ec9ea98f0823f7f993f74d4ee8563"},
    {file = "duckdb-0.5.1-cp36-cp36m-macosx_10_9_x86_64.whl", hash = "sha256:b760614e975034afc28914ea8f362c25c19d778f87888183244ff3e16f0ba404"},
    {file = "duckdb-0.5.1-cp36-cp36m-win32.whl", hash = "sha256:15bef07aae5f53a79d351d2a30bdb6b4597968a448f5f8d4950c4fd5d5eb69ba"},
    {file = "duckdb-0.5.1-cp36-cp36m-win_amd64.whl", hash = "sha256:ee9420d094cb77a4837f89383f4bb1f1dfe15e36b07702e4526e3a13b4ed36d4"},
    {file = "duckdb-0.5.1-cp37-cp37m-macosx_10_9_x86_64.whl", hash = "sha256:2c564cad6fdda970e0327e0db1b1328ed8c22b544fbc02038eed9c7575c7683f"},
    {file = "duckdb-0.5.1-cp37-cp37m-manylinux_2_17_i686.manylinux2014_i686.whl", hash = "sha256:a36c418497005ae34b809f8e86eda22a800c9adf963587bbbaa45734e38c8725"},
    {file = "duckdb-0.5.1-cp37-cp37m-manylinux_2_17_x86_64.manylinux2014_x86_64.whl", hash = "sha256:c3dc197896d355ec88c011e396b5af3ec9a0005b7214366fa1d771b365a41533"},
    {file = "duckdb-0.5.1-cp37-cp37m-musllinux_1_1_i686.whl", hash = "sha256:9a0b44e6e989cba392d6252b263ab543d915dd43ae203f168f948a78cee323ab"},
    {file = "duckdb-0.5.1-cp37-cp37m-musllinux_1_1_x86_64.whl", hash = "sha256:4355cd415180ec055621ce7484883c3282bb130fd6585f5162208ddd84780aba"},
    {file = "duckdb-0.5.1-cp37-cp37m-win32.whl", hash = "sha256:b4cc87369d6fdb3838726c070802b4b39dda01cc14d668dd1abfe3b94187a200"},
    {file = "duckdb-0.5.1-cp37-cp37m-win_amd64.whl", hash = "sha256:6146a22f36e18b5500d8c7e505bd7ef94db9515c8d4698d4d4311e80bd999ef7"},
    {file = "duckdb-0.5.1-cp38-cp38-macosx_10_9_universal2.whl", hash = "sha256:ebb8fffb41b858cb3d429345c037a349a927de826e8367f7e8443085b11c66aa"},
    {file = "duckdb-0.5.1-cp38-cp38-macosx_10_9_x86_64.whl", hash = "sha256:23ec9c03913fdb47d2682495736191ac6da1322206310445dd9bcf7504612f00"},
    {file = "duckdb-0.5.1-cp38-cp38-macosx_11_0_arm64.whl", hash = "sha256:f87890a85d69ee9d66a9d19aebaf140dbab3a8a28c83de38372a330f15029229"},
    {file = "duckdb-0.5.1-cp38-cp38-manylinux_2_17_i686.manylinux2014_i686.whl", hash = "sha256:3181e1f7bf691198acbbf130785c14de4ed7819d506f8d8332af31785b513713"},
    {file = "duckdb-0.5.1-cp38-cp38-manylinux_2_17_x86_64.manylinux2014_x86_64.whl", hash = "sha256:7fb912082b56e3cb71e91bd429bd8d72e71d493dd1cbd814c797ef1e304e9ac7"},
    {file = "duckdb-0.5.1-cp38-cp38-musllinux_1_1_i686.whl", hash = "sha256:7355b99252650d7abda5eadd51c13206e147b4a122dc03e19bf75be2b86b3f70"},
    {file = "duckdb-0.5.1-cp38-cp38-musllinux_1_1_x86_64.whl", hash = "sha256:5a508c0b0c5c04ddd7eefb9c1297a1ee1cc5e1b0884aa543e5ef1d38f4d60c87"},
    {file = "duckdb-0.5.1-cp38-cp38-win32.whl", hash = "sha256:646025ee292fde91b83e95f338350379e3c1b075b6289d349c9bc6871ffa359f"},
    {file = "duckdb-0.5.1-cp38-cp38-win_amd64.whl", hash = "sha256:8bc08c6326b7004b522fd0c5bad2bf60911f0a507a43014a8ffbdccc066630db"},
    {file = "duckdb-0.5.1-cp39-cp39-macosx_10_9_universal2.whl", hash = "sha256:1937fbcfc52f0841a1a78bf3f266999d549c20c7756ba76a82f178ec406b4e43"},
    {file = "duckdb-0.5.1-cp39-cp39-macosx_10_9_x86_64.whl", hash = "sha256:f81bde5e52f2cbe0629ebd82d34b5ffdfae53da8970a467342765da1d4047d03"},
    {file = "duckdb-0.5.1-cp39-cp39-macosx_11_0_arm64.whl", hash = "sha256:8cf796bd3e6086268eef81a7b085eab433d9a1c84209c0644de5026befd1e3fc"},
    {file = "duckdb-0.5.1-cp39-cp39-manylinux_2_17_i686.manylinux2014_i686.whl", hash = "sha256:79a71903524e5567b8455cf329a12611340141c24191cd2181928a6e22ad2a3b"},
    {file = "duckdb-0.5.1-cp39-cp39-manylinux_2_17_x86_64.manylinux2014_x86_64.whl", hash = "sha256:b36b7e4662839f6a4e6ac8869882bc763d510c72b99e5523189964fad897b34c"},
    {file = "duckdb-0.5.1-cp39-cp39-musllinux_1_1_i686.whl", hash = "sha256:bd03c932ee5c9d390516f464a473b53de2da218cb4e0e240e674065a7dc2264a"},
    {file = "duckdb-0.5.1-cp39-cp39-musllinux_1_1_x86_64.whl", hash = "sha256:d57652ba94c36e35754c3efe71964ecec72a4191505203a892e3e1ed707e980c"},
    {file = "duckdb-0.5.1-cp39-cp39-win32.whl", hash = "sha256:d7777ff765d33c4c51f63b7eb023babf2058f85982de96bec71727da9aa68512"},
    {file = "duckdb-0.5.1-cp39-cp39-win_amd64.whl", hash = "sha256:24979112b1e6d825011475f14b7981e661e0a3b9eb94b5543fd4b41e80bc9730"},
    {file = "duckdb-0.5.1.tar.gz", hash = "sha256:975d84303e70ec376dee98292dfbf8915ed2fb5a434fcbf5d1cd28e08dfbab38"},
]
numpy = [
    {file = "numpy-1.23.4-cp310-cp310-macosx_10_9_x86_64.whl", hash = "sha256:95d79ada05005f6f4f337d3bb9de8a7774f259341c70bc88047a1f7b96a4bcb2"},
    {file = "numpy-1.23.4-cp310-cp310-macosx_11_0_arm64.whl", hash = "sha256:926db372bc4ac1edf81cfb6c59e2a881606b409ddc0d0920b988174b2e2a767f"},
    {file = "numpy-1.23.4-cp310-cp310-manylinux_2_17_aarch64.manylinux2014_aarch64.whl", hash = "sha256:c237129f0e732885c9a6076a537e974160482eab8f10db6292e92154d4c67d71"},
    {file = "numpy-1.23.4-cp310-cp310-manylinux_2_17_x86_64.manylinux2014_x86_64.whl", hash = "sha256:a8365b942f9c1a7d0f0dc974747d99dd0a0cdfc5949a33119caf05cb314682d3"},
    {file = "numpy-1.23.4-cp310-cp310-win32.whl", hash = "sha256:2341f4ab6dba0834b685cce16dad5f9b6606ea8a00e6da154f5dbded70fdc4dd"},
    {file = "numpy-1.23.4-cp310-cp310-win_amd64.whl", hash = "sha256:d331afac87c92373826af83d2b2b435f57b17a5c74e6268b79355b970626e329"},
    {file = "numpy-1.23.4-cp311-cp311-macosx_10_9_x86_64.whl", hash = "sha256:488a66cb667359534bc70028d653ba1cf307bae88eab5929cd707c761ff037db"},
    {file = "numpy-1.23.4-cp311-cp311-macosx_11_0_arm64.whl", hash = "sha256:ce03305dd694c4873b9429274fd41fc7eb4e0e4dea07e0af97a933b079a5814f"},
    {file = "numpy-1.23.4-cp311-cp311-manylinux_2_17_aarch64.manylinux2014_aarch64.whl", hash = "sha256:8981d9b5619569899666170c7c9748920f4a5005bf79c72c07d08c8a035757b0"},
    {file = "numpy-1.23.4-cp311-cp311-manylinux_2_17_x86_64.manylinux2014_x86_64.whl", hash = "sha256:7a70a7d3ce4c0e9284e92285cba91a4a3f5214d87ee0e95928f3614a256a1488"},
    {file = "numpy-1.23.4-cp311-cp311-win32.whl", hash = "sha256:5e13030f8793e9ee42f9c7d5777465a560eb78fa7e11b1c053427f2ccab90c79"},
    {file = "numpy-1.23.4-cp311-cp311-win_amd64.whl", hash = "sha256:7607b598217745cc40f751da38ffd03512d33ec06f3523fb0b5f82e09f6f676d"},
    {file = "numpy-1.23.4-cp38-cp38-macosx_10_9_x86_64.whl", hash = "sha256:7ab46e4e7ec63c8a5e6dbf5c1b9e1c92ba23a7ebecc86c336cb7bf3bd2fb10e5"},
    {file = "numpy-1.23.4-cp38-cp38-macosx_11_0_arm64.whl", hash = "sha256:a8aae2fb3180940011b4862b2dd3756616841c53db9734b27bb93813cd79fce6"},
    {file = "numpy-1.23.4-cp38-cp38-manylinux_2_17_aarch64.manylinux2014_aarch64.whl", hash = "sha256:8c053d7557a8f022ec823196d242464b6955a7e7e5015b719e76003f63f82d0f"},
    {file = "numpy-1.23.4-cp38-cp38-manylinux_2_17_x86_64.manylinux2014_x86_64.whl", hash = "sha256:a0882323e0ca4245eb0a3d0a74f88ce581cc33aedcfa396e415e5bba7bf05f68"},
    {file = "numpy-1.23.4-cp38-cp38-win32.whl", hash = "sha256:dada341ebb79619fe00a291185bba370c9803b1e1d7051610e01ed809ef3a4ba"},
    {file = "numpy-1.23.4-cp38-cp38-win_amd64.whl", hash = "sha256:0fe563fc8ed9dc4474cbf70742673fc4391d70f4363f917599a7fa99f042d5a8"},
    {file = "numpy-1.23.4-cp39-cp39-macosx_10_9_x86_64.whl", hash = "sha256:c67b833dbccefe97cdd3f52798d430b9d3430396af7cdb2a0c32954c3ef73894"},
    {file = "numpy-1.23.4-cp39-cp39-macosx_11_0_arm64.whl", hash = "sha256:f76025acc8e2114bb664294a07ede0727aa75d63a06d2fae96bf29a81747e4a7"},
    {file = "numpy-1.23.4-cp39-cp39-manylinux_2_17_aarch64.manylinux2014_aarch64.whl", hash = "sha256:12ac457b63ec8ded85d85c1e17d85efd3c2b0967ca39560b307a35a6703a4735"},
    {file = "numpy-1.23.4-cp39-cp39-manylinux_2_17_x86_64.manylinux2014_x86_64.whl", hash = "sha256:95de7dc7dc47a312f6feddd3da2500826defdccbc41608d0031276a24181a2c0"},
    {file = "numpy-1.23.4-cp39-cp39-win32.whl", hash = "sha256:f2f390aa4da44454db40a1f0201401f9036e8d578a25f01a6e237cea238337ef"},
    {file = "numpy-1.23.4-cp39-cp39-win_amd64.whl", hash = "sha256:f260da502d7441a45695199b4e7fd8ca87db659ba1c78f2bbf31f934fe76ae0e"},
    {file = "numpy-1.23.4-pp38-pypy38_pp73-macosx_10_9_x86_64.whl", hash = "sha256:61be02e3bf810b60ab74e81d6d0d36246dbfb644a462458bb53b595791251911"},
    {file = "numpy-1.23.4-pp38-pypy38_pp73-manylinux_2_17_x86_64.manylinux2014_x86_64.whl", hash = "sha256:296d17aed51161dbad3c67ed6d164e51fcd18dbcd5dd4f9d0a9c6055dce30810"},
    {file = "numpy-1.23.4-pp38-pypy38_pp73-win_amd64.whl", hash = "sha256:4d52914c88b4930dafb6c48ba5115a96cbab40f45740239d9f4159c4ba779962"},
    {file = "numpy-1.23.4.tar.gz", hash = "sha256:ed2cc92af0efad20198638c69bb0fc2870a58dabfba6eb722c933b48556c686c"},
]
pandas = [
    {file = "pandas-1.5.0-cp310-cp310-macosx_10_9_universal2.whl", hash = "sha256:0d8d7433d19bfa33f11c92ad9997f15a902bda4f5ad3a4814a21d2e910894484"},
    {file = "pandas-1.5.0-cp310-cp310-macosx_10_9_x86_64.whl", hash = "sha256:5cc47f2ebaa20ef96ae72ee082f9e101b3dfbf74f0e62c7a12c0b075a683f03c"},
    {file = "pandas-1.5.0-cp310-cp310-macosx_11_0_arm64.whl", hash = "sha256:8e8e5edf97d8793f51d258c07c629bd49d271d536ce15d66ac00ceda5c150eb3"},
    {file = "pandas-1.5.0-cp310-cp310-manylinux_2_17_aarch64.manylinux2014_aarch64.whl", hash = "sha256:41aec9f87455306496d4486df07c1b98c15569c714be2dd552a6124cd9fda88f"},
    {file = "pandas-1.5.0-cp310-cp310-manylinux_2_17_x86_64.manylinux2014_x86_64.whl", hash = "sha256:c76f1d104844c5360c21d2ef0e1a8b2ccf8b8ebb40788475e255b9462e32b2be"},
    {file = "pandas-1.5.0-cp310-cp310-win_amd64.whl", hash = "sha256:1642fc6138b4e45d57a12c1b464a01a6d868c0148996af23f72dde8d12486bbc"},
    {file = "pandas-1.5.0-cp311-cp311-macosx_10_9_universal2.whl", hash = "sha256:171cef540bfcec52257077816a4dbbac152acdb8236ba11d3196ae02bf0959d8"},
    {file = "pandas-1.5.0-cp311-cp311-macosx_10_9_x86_64.whl", hash = "sha256:a68a9b9754efff364b0c5ee5b0f18e15ca640c01afe605d12ba8b239ca304d6b"},
    {file = "pandas-1.5.0-cp311-cp311-macosx_11_0_arm64.whl", hash = "sha256:86d87279ebc5bc20848b4ceb619073490037323f80f515e0ec891c80abad958a"},
    {file = "pandas-1.5.0-cp311-cp311-manylinux_2_17_aarch64.manylinux2014_aarch64.whl", hash = "sha256:207d63ac851e60ec57458814613ef4b3b6a5e9f0b33c57623ba2bf8126c311f8"},
    {file = "pandas-1.5.0-cp311-cp311-manylinux_2_17_x86_64.manylinux2014_x86_64.whl", hash = "sha256:e252a9e49b233ff96e2815c67c29702ac3a062098d80a170c506dff3470fd060"},
    {file = "pandas-1.5.0-cp311-cp311-win_amd64.whl", hash = "sha256:de34636e2dc04e8ac2136a8d3c2051fd56ebe9fd6cd185581259330649e73ca9"},
    {file = "pandas-1.5.0-cp38-cp38-macosx_10_9_universal2.whl", hash = "sha256:1d34b1f43d9e3f4aea056ba251f6e9b143055ebe101ed04c847b41bb0bb4a989"},
    {file = "pandas-1.5.0-cp38-cp38-macosx_10_9_x86_64.whl", hash = "sha256:1b82ccc7b093e0a93f8dffd97a542646a3e026817140e2c01266aaef5fdde11b"},
    {file = "pandas-1.5.0-cp38-cp38-macosx_11_0_arm64.whl", hash = "sha256:4e30a31039574d96f3d683df34ccb50bb435426ad65793e42a613786901f6761"},
    {file = "pandas-1.5.0-cp38-cp38-manylinux_2_17_aarch64.manylinux2014_aarch64.whl", hash = "sha256:62e61003411382e20d7c2aec1ee8d7c86c8b9cf46290993dd8a0a3be44daeb38"},
    {file = "pandas-1.5.0-cp38-cp38-manylinux_2_17_x86_64.manylinux2014_x86_64.whl", hash = "sha256:fc987f7717e53d372f586323fff441263204128a1ead053c1b98d7288f836ac9"},
    {file = "pandas-1.5.0-cp38-cp38-win32.whl", hash = "sha256:e178ce2d7e3b934cf8d01dc2d48d04d67cb0abfaffdcc8aa6271fd5a436f39c8"},
    {file = "pandas-1.5.0-cp38-cp38-win_amd64.whl", hash = "sha256:33a9d9e21ab2d91e2ab6e83598419ea6a664efd4c639606b299aae8097c1c94f"},
    {file = "pandas-1.5.0-cp39-cp39-macosx_10_9_universal2.whl", hash = "sha256:73844e247a7b7dac2daa9df7339ecf1fcf1dfb8cbfd11e3ffe9819ae6c31c515"},
    {file = "pandas-1.5.0-cp39-cp39-macosx_10_9_x86_64.whl", hash = "sha256:e9c5049333c5bebf993033f4bf807d163e30e8fada06e1da7fa9db86e2392009"},
    {file = "pandas-1.5.0-cp39-cp39-macosx_11_0_arm64.whl", hash = "sha256:85a516a7f6723ca1528f03f7851fa8d0360d1d6121cf15128b290cf79b8a7f6a"},
    {file = "pandas-1.5.0-cp39-cp39-manylinux_2_17_aarch64.manylinux2014_aarch64.whl", hash = "sha256:947ed9f896ee61adbe61829a7ae1ade493c5a28c66366ec1de85c0642009faac"},
    {file = "pandas-1.5.0-cp39-cp39-manylinux_2_17_x86_64.manylinux2014_x86_64.whl", hash = "sha256:c7f38d91f21937fe2bec9449570d7bf36ad7136227ef43b321194ec249e2149d"},
    {file = "pandas-1.5.0-cp39-cp39-win32.whl", hash = "sha256:2504c032f221ef9e4a289f5e46a42b76f5e087ecb67d62e342ccbba95a32a488"},
    {file = "pandas-1.5.0-cp39-cp39-win_amd64.whl", hash = "sha256:8a4fc04838615bf0a8d3a03ed68197f358054f0df61f390bcc64fbe39e3d71ec"},
    {file = "pandas-1.5.0.tar.gz", hash = "sha256:3ee61b881d2f64dd90c356eb4a4a4de75376586cd3c9341c6c0fcaae18d52977"},
]
pathlib = [
    {file = "pathlib-1.0.1-py3-none-any.whl", hash = "sha256:f35f95ab8b0f59e6d354090350b44a80a80635d22efdedfa84c7ad1cf0a74147"},
    {file = "pathlib-1.0.1.tar.gz", hash = "sha256:6940718dfc3eff4258203ad5021090933e5c04707d5ca8cc9e73c94a7894ea9f"},
]
polars = [
    {file = "polars-0.14.18-cp37-abi3-macosx_10_7_x86_64.whl", hash = "sha256:616c376038c2bb2f61a4e0aec438d96d86ff9c9ec879b058d23b220c842b53a8"},
    {file = "polars-0.14.18-cp37-abi3-macosx_11_0_arm64.whl", hash = "sha256:60409d9e0b09f7c239278d15b20227cded00468dcdff6b26c1be257ffa504b49"},
    {file = "polars-0.14.18-cp37-abi3-manylinux_2_17_aarch64.manylinux2014_aarch64.whl", hash = "sha256:3a0c8be50e2000f6b47229f46954b37feaa2762049403fb15304e6b54adbf81b"},
    {file = "polars-0.14.18-cp37-abi3-manylinux_2_17_x86_64.manylinux2014_x86_64.whl", hash = "sha256:eaaedade7274bf6295898c1ea2413370a1aa559e844d601a2bd2fe34c1120464"},
    {file = "polars-0.14.18-cp37-abi3-win_amd64.whl", hash = "sha256:fa01fc14017560025a86e6a6c927e0e0b7277b3670c69881c1e0f1d2b28a19c4"},
    {file = "polars-0.14.18.tar.gz", hash = "sha256:80976ed23788033cc10473a0096900fb1715944d4678b499826137923c558748"},
]
pyarrow = [
    {file = "pyarrow-9.0.0-cp310-cp310-macosx_10_13_universal2.whl", hash = "sha256:767cafb14278165ad539a2918c14c1b73cf20689747c21375c38e3fe62884902"},
    {file = "pyarrow-9.0.0-cp310-cp310-macosx_10_13_x86_64.whl", hash = "sha256:0238998dc692efcb4e41ae74738d7c1234723271ccf520bd8312dca07d49ef8d"},
    {file = "pyarrow-9.0.0-cp310-cp310-macosx_10_9_x86_64.whl", hash = "sha256:55328348b9139c2b47450d512d716c2248fd58e2f04e2fc23a65e18726666d42"},
    {file = "pyarrow-9.0.0-cp310-cp310-macosx_11_0_arm64.whl", hash = "sha256:fc856628acd8d281652c15b6268ec7f27ebcb015abbe99d9baad17f02adc51f1"},
    {file = "pyarrow-9.0.0-cp310-cp310-manylinux_2_17_aarch64.manylinux2014_aarch64.whl", hash = "sha256:29eb3e086e2b26202f3a4678316b93cfb15d0e2ba20f3ec12db8fd9cc07cde63"},
    {file = "pyarrow-9.0.0-cp310-cp310-manylinux_2_17_x86_64.manylinux2014_x86_64.whl", hash = "sha256:2e753f8fcf07d8e3a0efa0c8bd51fef5c90281ffd4c5637c08ce42cd0ac297de"},
    {file = "pyarrow-9.0.0-cp310-cp310-win_amd64.whl", hash = "sha256:3eef8a981f45d89de403e81fb83b8119c20824caddf1404274e41a5d66c73806"},
    {file = "pyarrow-9.0.0-cp37-cp37m-macosx_10_13_x86_64.whl", hash = "sha256:7fa56cbd415cef912677270b8e41baad70cde04c6d8a8336eeb2aba85aa93706"},
    {file = "pyarrow-9.0.0-cp37-cp37m-macosx_10_9_x86_64.whl", hash = "sha256:f8c46bde1030d704e2796182286d1c56846552c50a39ad5bf5a20c0d8159fc35"},
    {file = "pyarrow-9.0.0-cp37-cp37m-manylinux_2_17_aarch64.manylinux2014_aarch64.whl", hash = "sha256:8ad430cee28ebc4d6661fc7315747c7a18ae2a74e67498dcb039e1c762a2fb67"},
    {file = "pyarrow-9.0.0-cp37-cp37m-manylinux_2_17_x86_64.manylinux2014_x86_64.whl", hash = "sha256:81a60bb291a964f63b2717fb1b28f6615ffab7e8585322bfb8a6738e6b321282"},
    {file = "pyarrow-9.0.0-cp37-cp37m-win_amd64.whl", hash = "sha256:9cef618159567d5f62040f2b79b1c7b38e3885f4ffad0ec97cd2d86f88b67cef"},
    {file = "pyarrow-9.0.0-cp38-cp38-macosx_10_13_x86_64.whl", hash = "sha256:5526a3bfb404ff6d31d62ea582cf2466c7378a474a99ee04d1a9b05de5264541"},
    {file = "pyarrow-9.0.0-cp38-cp38-macosx_10_9_x86_64.whl", hash = "sha256:da3e0f319509a5881867effd7024099fb06950a0768dad0d6873668bb88cfaba"},
    {file = "pyarrow-9.0.0-cp38-cp38-macosx_11_0_arm64.whl", hash = "sha256:2c715eca2092273dcccf6f08437371e04d112f9354245ba2fbe6c801879450b7"},
    {file = "pyarrow-9.0.0-cp38-cp38-manylinux_2_17_aarch64.manylinux2014_aarch64.whl", hash = "sha256:f11a645a41ee531c3a5edda45dea07c42267f52571f818d388971d33fc7e2d4a"},
    {file = "pyarrow-9.0.0-cp38-cp38-manylinux_2_17_x86_64.manylinux2014_x86_64.whl", hash = "sha256:a5b390bdcfb8c5b900ef543f911cdfec63e88524fafbcc15f83767202a4a2491"},
    {file = "pyarrow-9.0.0-cp38-cp38-win_amd64.whl", hash = "sha256:d9eb04db626fa24fdfb83c00f76679ca0d98728cdbaa0481b6402bf793a290c0"},
    {file = "pyarrow-9.0.0-cp39-cp39-macosx_10_13_universal2.whl", hash = "sha256:4eebdab05afa23d5d5274b24c1cbeb1ba017d67c280f7d39fd8a8f18cbad2ec9"},
    {file = "pyarrow-9.0.0-cp39-cp39-macosx_10_13_x86_64.whl", hash = "sha256:02b820ecd1da02012092c180447de449fc688d0c3f9ff8526ca301cdd60dacd0"},
    {file = "pyarrow-9.0.0-cp39-cp39-macosx_10_9_x86_64.whl", hash = "sha256:92f3977e901db1ef5cba30d6cc1d7942b8d94b910c60f89013e8f7bb86a86eef"},
    {file = "pyarrow-9.0.0-cp39-cp39-macosx_11_0_arm64.whl", hash = "sha256:f241bd488c2705df930eedfe304ada71191dcf67d6b98ceda0cc934fd2a8388e"},
    {file = "pyarrow-9.0.0-cp39-cp39-manylinux_2_17_aarch64.manylinux2014_aarch64.whl", hash = "sha256:1c5a073a930c632058461547e0bc572da1e724b17b6b9eb31a97da13f50cb6e0"},
    {file = "pyarrow-9.0.0-cp39-cp39-manylinux_2_17_x86_64.manylinux2014_x86_64.whl", hash = "sha256:f59bcd5217a3ae1e17870792f82b2ff92df9f3862996e2c78e156c13e56ff62e"},
    {file = "pyarrow-9.0.0-cp39-cp39-win_amd64.whl", hash = "sha256:fe2ce795fa1d95e4e940fe5661c3c58aee7181c730f65ac5dd8794a77228de59"},
    {file = "pyarrow-9.0.0.tar.gz", hash = "sha256:7fb02bebc13ab55573d1ae9bb5002a6d20ba767bf8569b52fce5301d42495ab7"},
]
python-dateutil = [
    {file = "python-dateutil-2.8.2.tar.gz", hash = "sha256:0123cacc1627ae19ddf3c27a5de5bd67ee4586fbdd6440d9748f8abb483d3e86"},
    {file = "python_dateutil-2.8.2-py2.py3-none-any.whl", hash = "sha256:961d03dc3453ebbc59dbdea9e4e11c5651520a876d0f4db161e8674aae935da9"},
]
pytz = [
    {file = "pytz-2022.4-py2.py3-none-any.whl", hash = "sha256:2c0784747071402c6e99f0bafdb7da0fa22645f06554c7ae06bf6358897e9c91"},
    {file = "pytz-2022.4.tar.gz", hash = "sha256:48ce799d83b6f8aab2020e369b627446696619e79645419610b9facd909b3174"},
]
six = [
    {file = "six-1.16.0-py2.py3-none-any.whl", hash = "sha256:8abb2f1d86890a2dfb989f9a77cfcfd3e47c2a354b01111771326f8aa26e0254"},
    {file = "six-1.16.0.tar.gz", hash = "sha256:1e61c37477a1626458e36f7b1d82aa5c9b094fa4802892072e49de9c60c4c926"},
]
